
Microsoft Visual Studio Solution File, Format Version 12.00
# Visual Studio Version 17
VisualStudioVersion = 17.9.34701.34
MinimumVisualStudioVersion = 10.0.40219.1
Project("{FAE04EC0-301F-11D3-BF4B-00C04F79EFBC}") = "PIOONEER_API", "PIOONEER_API\PIOONEER_API.csproj", "{E359ACC3-CC4F-432D-8BDB-DB55C5AEB418}"
EndProject
Global
	GlobalSection(SolutionConfigurationPlatforms) = preSolution
		Debug|Any CPU = Debug|Any CPU
		Release|Any CPU = Release|Any CPU
	EndGlobalSection
	GlobalSection(ProjectConfigurationPlatforms) = postSolution
		{E359ACC3-CC4F-432D-8BDB-DB55C5AEB418}.Debug|Any CPU.ActiveCfg = Debug|Any CPU
		{E359ACC3-CC4F-432D-8BDB-DB55C5AEB418}.Debug|Any CPU.Build.0 = Debug|Any CPU
		{E359ACC3-CC4F-432D-8BDB-DB55C5AEB418}.Release|Any CPU.ActiveCfg = Release|Any CPU
		{E359ACC3-CC4F-432D-8BDB-DB55C5AEB418}.Release|Any CPU.Build.0 = Release|Any CPU
	EndGlobalSection
	GlobalSection(SolutionProperties) = preSolution
		HideSolutionNode = FALSE
	EndGlobalSection
	GlobalSection(ExtensibilityGlobals) = postSolution
		SolutionGuid = {401C177C-3BE9-454C-B6C9-DA3D53A0E60B}
	EndGlobalSection
EndGlobal
