
Microsoft Visual Studio Solution File, Format Version 12.00
# Visual Studio Version 17
VisualStudioVersion = 17.9.34701.34
MinimumVisualStudioVersion = 10.0.40219.1
Project("{9A19103F-16F7-4668-BE54-9A1E7A4F7556}") = "PIOONEER_API", "PIOONEER_API\PIOONEER_API.csproj", "{E359ACC3-CC4F-432D-8BDB-DB55C5AEB418}"
EndProject
Project("{9A19103F-16F7-4668-BE54-9A1E7A4F7556}") = "PIOONEER_Model", "PIOONEER_Model\PIOONEER_Model.csproj", "{CD297F3D-60F7-4193-99B0-7075D66B2732}"
EndProject
Project("{9A19103F-16F7-4668-BE54-9A1E7A4F7556}") = "PIOONEER_Repository", "PIOONEER_Repository\PIOONEER_Repository.csproj", "{03E807E9-2B8E-435C-8A40-AE60098EE660}"
EndProject
Project("{9A19103F-16F7-4668-BE54-9A1E7A4F7556}") = "PIOONEER_Service", "PIOONEER_Service\PIOONEER_Service.csproj", "{339BEAB0-3D13-4ABF-B746-ED5AAEF69524}"
EndProject
Project("{9A19103F-16F7-4668-BE54-9A1E7A4F7556}") = "Tools", "Tools\Tools.csproj", "{2E1AE2AA-6910-4EE7-8C1A-7A3DC197EBB4}"
EndProject
Global
	GlobalSection(SolutionConfigurationPlatforms) = preSolution
		Debug|Any CPU = Debug|Any CPU
		Release|Any CPU = Release|Any CPU
	EndGlobalSection
	GlobalSection(ProjectConfigurationPlatforms) = postSolution
		{E359ACC3-CC4F-432D-8BDB-DB55C5AEB418}.Debug|Any CPU.ActiveCfg = Debug|Any CPU
		{E359ACC3-CC4F-432D-8BDB-DB55C5AEB418}.Debug|Any CPU.Build.0 = Debug|Any CPU
		{E359ACC3-CC4F-432D-8BDB-DB55C5AEB418}.Release|Any CPU.ActiveCfg = Release|Any CPU
		{E359ACC3-CC4F-432D-8BDB-DB55C5AEB418}.Release|Any CPU.Build.0 = Release|Any CPU
		{CD297F3D-60F7-4193-99B0-7075D66B2732}.Debug|Any CPU.ActiveCfg = Debug|Any CPU
		{CD297F3D-60F7-4193-99B0-7075D66B2732}.Debug|Any CPU.Build.0 = Debug|Any CPU
		{CD297F3D-60F7-4193-99B0-7075D66B2732}.Release|Any CPU.ActiveCfg = Release|Any CPU
		{CD297F3D-60F7-4193-99B0-7075D66B2732}.Release|Any CPU.Build.0 = Release|Any CPU
		{03E807E9-2B8E-435C-8A40-AE60098EE660}.Debug|Any CPU.ActiveCfg = Debug|Any CPU
		{03E807E9-2B8E-435C-8A40-AE60098EE660}.Debug|Any CPU.Build.0 = Debug|Any CPU
		{03E807E9-2B8E-435C-8A40-AE60098EE660}.Release|Any CPU.ActiveCfg = Release|Any CPU
		{03E807E9-2B8E-435C-8A40-AE60098EE660}.Release|Any CPU.Build.0 = Release|Any CPU
		{339BEAB0-3D13-4ABF-B746-ED5AAEF69524}.Debug|Any CPU.ActiveCfg = Debug|Any CPU
		{339BEAB0-3D13-4ABF-B746-ED5AAEF69524}.Debug|Any CPU.Build.0 = Debug|Any CPU
		{339BEAB0-3D13-4ABF-B746-ED5AAEF69524}.Release|Any CPU.ActiveCfg = Release|Any CPU
		{339BEAB0-3D13-4ABF-B746-ED5AAEF69524}.Release|Any CPU.Build.0 = Release|Any CPU
		{2E1AE2AA-6910-4EE7-8C1A-7A3DC197EBB4}.Debug|Any CPU.ActiveCfg = Debug|Any CPU
		{2E1AE2AA-6910-4EE7-8C1A-7A3DC197EBB4}.Debug|Any CPU.Build.0 = Debug|Any CPU
		{2E1AE2AA-6910-4EE7-8C1A-7A3DC197EBB4}.Release|Any CPU.ActiveCfg = Release|Any CPU
		{2E1AE2AA-6910-4EE7-8C1A-7A3DC197EBB4}.Release|Any CPU.Build.0 = Release|Any CPU
	EndGlobalSection
	GlobalSection(SolutionProperties) = preSolution
		HideSolutionNode = FALSE
	EndGlobalSection
	GlobalSection(ExtensibilityGlobals) = postSolution
		SolutionGuid = {401C177C-3BE9-454C-B6C9-DA3D53A0E60B}
	EndGlobalSection
EndGlobal
